
Microsoft Visual Studio Solution File, Format Version 12.00
# Visual Studio Version 16
VisualStudioVersion = 16.0.31424.327
MinimumVisualStudioVersion = 10.0.40219.1
Project("{FAE04EC0-301F-11D3-BF4B-00C04F79EFBC}") = "demo", "demo\demo.csproj", "{CFB04179-33A3-43A8-9456-C257F56A2772}"
EndProject
Global
	GlobalSection(SolutionConfigurationPlatforms) = preSolution
		Debug|Any CPU = Debug|Any CPU
		Release|Any CPU = Release|Any CPU
	EndGlobalSection
	GlobalSection(ProjectConfigurationPlatforms) = postSolution
		{CFB04179-33A3-43A8-9456-C257F56A2772}.Debug|Any CPU.ActiveCfg = Debug|Any CPU
		{CFB04179-33A3-43A8-9456-C257F56A2772}.Debug|Any CPU.Build.0 = Debug|Any CPU
		{CFB04179-33A3-43A8-9456-C257F56A2772}.Release|Any CPU.ActiveCfg = Release|Any CPU
		{CFB04179-33A3-43A8-9456-C257F56A2772}.Release|Any CPU.Build.0 = Release|Any CPU
	EndGlobalSection
	GlobalSection(SolutionProperties) = preSolution
		HideSolutionNode = FALSE
	EndGlobalSection
	GlobalSection(ExtensibilityGlobals) = postSolution
		SolutionGuid = {67AE86EE-6E1D-4094-A00A-0F602FD446C0}
	EndGlobalSection
EndGlobal
