
Microsoft Visual Studio Solution File, Format Version 12.00
# Visual Studio Version 16
VisualStudioVersion = 16.0.31410.357
MinimumVisualStudioVersion = 10.0.40219.1
Project("{FAE04EC0-301F-11D3-BF4B-00C04F79EFBC}") = "kinhdoanh_dautu", "kinhdoanh_dautu\kinhdoanh_dautu.csproj", "{A7052065-7679-48C2-BDFE-EADBDC069888}"
EndProject
Global
	GlobalSection(SolutionConfigurationPlatforms) = preSolution
		Debug|Any CPU = Debug|Any CPU
		Release|Any CPU = Release|Any CPU
	EndGlobalSection
	GlobalSection(ProjectConfigurationPlatforms) = postSolution
		{A7052065-7679-48C2-BDFE-EADBDC069888}.Debug|Any CPU.ActiveCfg = Debug|Any CPU
		{A7052065-7679-48C2-BDFE-EADBDC069888}.Debug|Any CPU.Build.0 = Debug|Any CPU
		{A7052065-7679-48C2-BDFE-EADBDC069888}.Release|Any CPU.ActiveCfg = Release|Any CPU
		{A7052065-7679-48C2-BDFE-EADBDC069888}.Release|Any CPU.Build.0 = Release|Any CPU
	EndGlobalSection
	GlobalSection(SolutionProperties) = preSolution
		HideSolutionNode = FALSE
	EndGlobalSection
	GlobalSection(ExtensibilityGlobals) = postSolution
		SolutionGuid = {F74B9571-5E83-43E5-BDE3-B6805D99A683}
	EndGlobalSection
EndGlobal
