
Microsoft Visual Studio Solution File, Format Version 12.00
# Visual Studio Version 16
VisualStudioVersion = 16.0.31424.327
MinimumVisualStudioVersion = 10.0.40219.1
Project("{FAE04EC0-301F-11D3-BF4B-00C04F79EFBC}") = "quan_ly_tai_chinh-kinh_doanh", "quan_ly_tai_chinh-kinh_doanh\quan_ly_tai_chinh-kinh_doanh.csproj", "{C30E2E2E-398B-4340-A941-FDD357EDFB9B}"
EndProject
Global
	GlobalSection(SolutionConfigurationPlatforms) = preSolution
		Debug|Any CPU = Debug|Any CPU
		Release|Any CPU = Release|Any CPU
	EndGlobalSection
	GlobalSection(ProjectConfigurationPlatforms) = postSolution
		{C30E2E2E-398B-4340-A941-FDD357EDFB9B}.Debug|Any CPU.ActiveCfg = Debug|Any CPU
		{C30E2E2E-398B-4340-A941-FDD357EDFB9B}.Debug|Any CPU.Build.0 = Debug|Any CPU
		{C30E2E2E-398B-4340-A941-FDD357EDFB9B}.Release|Any CPU.ActiveCfg = Release|Any CPU
		{C30E2E2E-398B-4340-A941-FDD357EDFB9B}.Release|Any CPU.Build.0 = Release|Any CPU
	EndGlobalSection
	GlobalSection(SolutionProperties) = preSolution
		HideSolutionNode = FALSE
	EndGlobalSection
	GlobalSection(ExtensibilityGlobals) = postSolution
		SolutionGuid = {2D532355-3F9A-4BF6-B297-CCA17237545D}
	EndGlobalSection
EndGlobal
