
Microsoft Visual Studio Solution File, Format Version 12.00
# Visual Studio Version 16
VisualStudioVersion = 16.0.31424.327
MinimumVisualStudioVersion = 10.0.40219.1
Project("{FAE04EC0-301F-11D3-BF4B-00C04F79EFBC}") = "quan_ly_tai_chinh_kinh_doanh", "quan_ly_tai_chinh_kinh_doanh\quan_ly_tai_chinh_kinh_doanh.csproj", "{C5BDAD12-0CAA-484F-BA38-80EEEE3F989D}"
EndProject
Global
	GlobalSection(SolutionConfigurationPlatforms) = preSolution
		Debug|Any CPU = Debug|Any CPU
		Release|Any CPU = Release|Any CPU
	EndGlobalSection
	GlobalSection(ProjectConfigurationPlatforms) = postSolution
		{C5BDAD12-0CAA-484F-BA38-80EEEE3F989D}.Debug|Any CPU.ActiveCfg = Debug|Any CPU
		{C5BDAD12-0CAA-484F-BA38-80EEEE3F989D}.Debug|Any CPU.Build.0 = Debug|Any CPU
		{C5BDAD12-0CAA-484F-BA38-80EEEE3F989D}.Release|Any CPU.ActiveCfg = Release|Any CPU
		{C5BDAD12-0CAA-484F-BA38-80EEEE3F989D}.Release|Any CPU.Build.0 = Release|Any CPU
	EndGlobalSection
	GlobalSection(SolutionProperties) = preSolution
		HideSolutionNode = FALSE
	EndGlobalSection
	GlobalSection(ExtensibilityGlobals) = postSolution
		SolutionGuid = {FD6B3E6A-FF76-49BF-B38A-62F605CC1401}
	EndGlobalSection
EndGlobal
