
Microsoft Visual Studio Solution File, Format Version 12.00
# Visual Studio Version 16
VisualStudioVersion = 16.0.31515.178
MinimumVisualStudioVersion = 10.0.40219.1
Project("{FAE04EC0-301F-11D3-BF4B-00C04F79EFBC}") = "Giao_Dien_Demo", "Giao_Dien_Demo\Giao_Dien_Demo.csproj", "{EF418599-DA94-4A34-B42A-5556F8DC36D1}"
EndProject
Global
	GlobalSection(SolutionConfigurationPlatforms) = preSolution
		Debug|Any CPU = Debug|Any CPU
		Release|Any CPU = Release|Any CPU
	EndGlobalSection
	GlobalSection(ProjectConfigurationPlatforms) = postSolution
		{EF418599-DA94-4A34-B42A-5556F8DC36D1}.Debug|Any CPU.ActiveCfg = Debug|Any CPU
		{EF418599-DA94-4A34-B42A-5556F8DC36D1}.Debug|Any CPU.Build.0 = Debug|Any CPU
		{EF418599-DA94-4A34-B42A-5556F8DC36D1}.Release|Any CPU.ActiveCfg = Release|Any CPU
		{EF418599-DA94-4A34-B42A-5556F8DC36D1}.Release|Any CPU.Build.0 = Release|Any CPU
	EndGlobalSection
	GlobalSection(SolutionProperties) = preSolution
		HideSolutionNode = FALSE
	EndGlobalSection
	GlobalSection(ExtensibilityGlobals) = postSolution
		SolutionGuid = {556FB771-9510-43E5-8559-D0BFA532BA2B}
	EndGlobalSection
EndGlobal
