
Microsoft Visual Studio Solution File, Format Version 12.00
# Visual Studio Version 16
VisualStudioVersion = 16.0.31424.327
MinimumVisualStudioVersion = 10.0.40219.1
Project("{FAE04EC0-301F-11D3-BF4B-00C04F79EFBC}") = "images_wpf_demo", "images_wpf_demo\images_wpf_demo.csproj", "{E5269D53-69AC-4A36-B2F6-EEC5D8A2AB35}"
EndProject
Global
	GlobalSection(SolutionConfigurationPlatforms) = preSolution
		Debug|Any CPU = Debug|Any CPU
		Release|Any CPU = Release|Any CPU
	EndGlobalSection
	GlobalSection(ProjectConfigurationPlatforms) = postSolution
		{E5269D53-69AC-4A36-B2F6-EEC5D8A2AB35}.Debug|Any CPU.ActiveCfg = Debug|Any CPU
		{E5269D53-69AC-4A36-B2F6-EEC5D8A2AB35}.Debug|Any CPU.Build.0 = Debug|Any CPU
		{E5269D53-69AC-4A36-B2F6-EEC5D8A2AB35}.Release|Any CPU.ActiveCfg = Release|Any CPU
		{E5269D53-69AC-4A36-B2F6-EEC5D8A2AB35}.Release|Any CPU.Build.0 = Release|Any CPU
	EndGlobalSection
	GlobalSection(SolutionProperties) = preSolution
		HideSolutionNode = FALSE
	EndGlobalSection
	GlobalSection(ExtensibilityGlobals) = postSolution
		SolutionGuid = {CCE8F52F-4AC5-4ECE-9326-2FE219991248}
	EndGlobalSection
EndGlobal
