
Microsoft Visual Studio Solution File, Format Version 12.00
# Visual Studio Version 16
VisualStudioVersion = 16.0.31410.357
MinimumVisualStudioVersion = 10.0.40219.1
Project("{FAE04EC0-301F-11D3-BF4B-00C04F79EFBC}") = "kinhdoanh_doitac", "kinhdoanh_doitac\kinhdoanh_doitac.csproj", "{475289EA-82E3-4579-97B1-28BAF465F678}"
EndProject
Global
	GlobalSection(SolutionConfigurationPlatforms) = preSolution
		Debug|Any CPU = Debug|Any CPU
		Release|Any CPU = Release|Any CPU
	EndGlobalSection
	GlobalSection(ProjectConfigurationPlatforms) = postSolution
		{475289EA-82E3-4579-97B1-28BAF465F678}.Debug|Any CPU.ActiveCfg = Debug|Any CPU
		{475289EA-82E3-4579-97B1-28BAF465F678}.Debug|Any CPU.Build.0 = Debug|Any CPU
		{475289EA-82E3-4579-97B1-28BAF465F678}.Release|Any CPU.ActiveCfg = Release|Any CPU
		{475289EA-82E3-4579-97B1-28BAF465F678}.Release|Any CPU.Build.0 = Release|Any CPU
	EndGlobalSection
	GlobalSection(SolutionProperties) = preSolution
		HideSolutionNode = FALSE
	EndGlobalSection
	GlobalSection(ExtensibilityGlobals) = postSolution
		SolutionGuid = {29CC16E5-49DE-4D95-82ED-240BF86EC6DC}
	EndGlobalSection
EndGlobal
