
Microsoft Visual Studio Solution File, Format Version 12.00
# Visual Studio Version 16
VisualStudioVersion = 16.0.31515.178
MinimumVisualStudioVersion = 10.0.40219.1
Project("{FAE04EC0-301F-11D3-BF4B-00C04F79EFBC}") = "TaiChinh_KinhDoanh", "TaiChinh_KinhDoanh\TaiChinh_KinhDoanh.csproj", "{CF311C5B-2DE7-403D-A9E5-448F28704A56}"
EndProject
Global
	GlobalSection(SolutionConfigurationPlatforms) = preSolution
		Debug|Any CPU = Debug|Any CPU
		Release|Any CPU = Release|Any CPU
	EndGlobalSection
	GlobalSection(ProjectConfigurationPlatforms) = postSolution
		{CF311C5B-2DE7-403D-A9E5-448F28704A56}.Debug|Any CPU.ActiveCfg = Debug|Any CPU
		{CF311C5B-2DE7-403D-A9E5-448F28704A56}.Debug|Any CPU.Build.0 = Debug|Any CPU
		{CF311C5B-2DE7-403D-A9E5-448F28704A56}.Release|Any CPU.ActiveCfg = Release|Any CPU
		{CF311C5B-2DE7-403D-A9E5-448F28704A56}.Release|Any CPU.Build.0 = Release|Any CPU
	EndGlobalSection
	GlobalSection(SolutionProperties) = preSolution
		HideSolutionNode = FALSE
	EndGlobalSection
	GlobalSection(ExtensibilityGlobals) = postSolution
		SolutionGuid = {41C922E3-0627-4C68-85B3-647B64D36AD0}
	EndGlobalSection
EndGlobal
