
Microsoft Visual Studio Solution File, Format Version 12.00
# Visual Studio Version 16
VisualStudioVersion = 16.0.31410.357
MinimumVisualStudioVersion = 10.0.40219.1
Project("{FAE04EC0-301F-11D3-BF4B-00C04F79EFBC}") = "quan_li_hoc_sinh", "quan_li_hoc_sinh\quan_li_hoc_sinh.csproj", "{C893C350-1963-4198-852C-4699EA215C58}"
EndProject
Global
	GlobalSection(SolutionConfigurationPlatforms) = preSolution
		Debug|Any CPU = Debug|Any CPU
		Release|Any CPU = Release|Any CPU
	EndGlobalSection
	GlobalSection(ProjectConfigurationPlatforms) = postSolution
		{C893C350-1963-4198-852C-4699EA215C58}.Debug|Any CPU.ActiveCfg = Debug|Any CPU
		{C893C350-1963-4198-852C-4699EA215C58}.Debug|Any CPU.Build.0 = Debug|Any CPU
		{C893C350-1963-4198-852C-4699EA215C58}.Release|Any CPU.ActiveCfg = Release|Any CPU
		{C893C350-1963-4198-852C-4699EA215C58}.Release|Any CPU.Build.0 = Release|Any CPU
	EndGlobalSection
	GlobalSection(SolutionProperties) = preSolution
		HideSolutionNode = FALSE
	EndGlobalSection
	GlobalSection(ExtensibilityGlobals) = postSolution
		SolutionGuid = {C99C8804-973F-4513-83D5-7DC1AC23ABF0}
	EndGlobalSection
EndGlobal
