
Microsoft Visual Studio Solution File, Format Version 12.00
# Visual Studio Version 16
VisualStudioVersion = 16.0.31410.357
MinimumVisualStudioVersion = 10.0.40219.1
Project("{FAE04EC0-301F-11D3-BF4B-00C04F79EFBC}") = "kinhdoanh_ketoan", "kinhdoanh_ketoan\kinhdoanh_ketoan.csproj", "{401EFC6F-9DCD-46BF-A83A-BD7CD6AEC822}"
EndProject
Global
	GlobalSection(SolutionConfigurationPlatforms) = preSolution
		Debug|Any CPU = Debug|Any CPU
		Release|Any CPU = Release|Any CPU
	EndGlobalSection
	GlobalSection(ProjectConfigurationPlatforms) = postSolution
		{401EFC6F-9DCD-46BF-A83A-BD7CD6AEC822}.Debug|Any CPU.ActiveCfg = Debug|Any CPU
		{401EFC6F-9DCD-46BF-A83A-BD7CD6AEC822}.Debug|Any CPU.Build.0 = Debug|Any CPU
		{401EFC6F-9DCD-46BF-A83A-BD7CD6AEC822}.Release|Any CPU.ActiveCfg = Release|Any CPU
		{401EFC6F-9DCD-46BF-A83A-BD7CD6AEC822}.Release|Any CPU.Build.0 = Release|Any CPU
	EndGlobalSection
	GlobalSection(SolutionProperties) = preSolution
		HideSolutionNode = FALSE
	EndGlobalSection
	GlobalSection(ExtensibilityGlobals) = postSolution
		SolutionGuid = {172C89F2-EEA9-41B1-9C4A-F0FB62C9D0EA}
	EndGlobalSection
EndGlobal
