
Microsoft Visual Studio Solution File, Format Version 12.00
# Visual Studio 2010
Project("{FAE04EC0-301F-11D3-BF4B-00C04F79EFBC}") = "Binarymission.Backstage.Demo", "Binarymission_Backstage_Demo\Binarymission.Backstage.Demo.csproj", "{B1C5FA3A-8B03-4E18-9281-98DB6C90D91A}"
EndProject
Global
	GlobalSection(SolutionConfigurationPlatforms) = preSolution
		Debug|Any CPU = Debug|Any CPU
		Release|Any CPU = Release|Any CPU
	EndGlobalSection
	GlobalSection(ProjectConfigurationPlatforms) = postSolution
		{B1C5FA3A-8B03-4E18-9281-98DB6C90D91A}.Debug|Any CPU.ActiveCfg = Debug|Any CPU
		{B1C5FA3A-8B03-4E18-9281-98DB6C90D91A}.Debug|Any CPU.Build.0 = Debug|Any CPU
		{B1C5FA3A-8B03-4E18-9281-98DB6C90D91A}.Release|Any CPU.ActiveCfg = Release|Any CPU
		{B1C5FA3A-8B03-4E18-9281-98DB6C90D91A}.Release|Any CPU.Build.0 = Release|Any CPU
	EndGlobalSection
	GlobalSection(SolutionProperties) = preSolution
		HideSolutionNode = FALSE
	EndGlobalSection
EndGlobal
