
Microsoft Visual Studio Solution File, Format Version 12.00
# Visual Studio Version 16
VisualStudioVersion = 16.0.31424.327
MinimumVisualStudioVersion = 10.0.40219.1
Project("{FAE04EC0-301F-11D3-BF4B-00C04F79EFBC}") = "Form_Dang_Nhap_wpf.", "..\Form_Dang_Nhap_wpf\Form_Dang_Nhap_wpf\Form_Dang_Nhap_wpf..csproj", "{75141ACE-5C52-4C30-8A35-69E2C2D38BCF}"
EndProject
Global
	GlobalSection(SolutionConfigurationPlatforms) = preSolution
		Debug|Any CPU = Debug|Any CPU
		Release|Any CPU = Release|Any CPU
	EndGlobalSection
	GlobalSection(ProjectConfigurationPlatforms) = postSolution
		{75141ACE-5C52-4C30-8A35-69E2C2D38BCF}.Debug|Any CPU.ActiveCfg = Debug|Any CPU
		{75141ACE-5C52-4C30-8A35-69E2C2D38BCF}.Debug|Any CPU.Build.0 = Debug|Any CPU
		{75141ACE-5C52-4C30-8A35-69E2C2D38BCF}.Release|Any CPU.ActiveCfg = Release|Any CPU
		{75141ACE-5C52-4C30-8A35-69E2C2D38BCF}.Release|Any CPU.Build.0 = Release|Any CPU
	EndGlobalSection
	GlobalSection(SolutionProperties) = preSolution
		HideSolutionNode = FALSE
	EndGlobalSection
	GlobalSection(ExtensibilityGlobals) = postSolution
		SolutionGuid = {3B64945D-8226-437B-9879-88D68452DB55}
	EndGlobalSection
EndGlobal
